
Microsoft Visual Studio Solution File, Format Version 12.00
# Visual Studio Version 17
VisualStudioVersion = 17.5.33530.505
MinimumVisualStudioVersion = 10.0.40219.1
Project("{2150E333-8FDC-42A3-9474-1A3956D46DE8}") = "src", "src", "{72AAAD43-BB1D-4B20-9A62-42A539C030BC}"
EndProject
Project("{9A19103F-16F7-4668-BE54-9A1E7A4F7556}") = "CNMultiplayer.Client", "src\CNMultiplayer.Client\CNMultiplayer.Client.csproj", "{66386BBA-38AC-464C-A3FE-970C0B8516F6}"
EndProject
Project("{9A19103F-16F7-4668-BE54-9A1E7A4F7556}") = "CNMultiplayer.Server", "src\CNMultiplayer.Server\CNMultiplayer.Server.csproj", "{13875B5E-3812-464E-B2A0-1F8A26233FCB}"
EndProject
Project("{9A19103F-16F7-4668-BE54-9A1E7A4F7556}") = "CNMultiplayer.Common", "src\CNMultiplayer.Common\CNMultiplayer.Common.csproj", "{6CA62C59-070F-4DD2-B42A-F8C89613DE38}"
EndProject
Global
	GlobalSection(SolutionConfigurationPlatforms) = preSolution
		Debug|x64 = Debug|x64
		Release|x64 = Release|x64
	EndGlobalSection
	GlobalSection(ProjectConfigurationPlatforms) = postSolution
		{66386BBA-38AC-464C-A3FE-970C0B8516F6}.Debug|x64.ActiveCfg = Debug|x64
		{66386BBA-38AC-464C-A3FE-970C0B8516F6}.Debug|x64.Build.0 = Debug|x64
		{66386BBA-38AC-464C-A3FE-970C0B8516F6}.Release|x64.ActiveCfg = Release|x64
		{66386BBA-38AC-464C-A3FE-970C0B8516F6}.Release|x64.Build.0 = Release|x64
		{13875B5E-3812-464E-B2A0-1F8A26233FCB}.Debug|x64.ActiveCfg = Debug|x64
		{13875B5E-3812-464E-B2A0-1F8A26233FCB}.Debug|x64.Build.0 = Debug|x64
		{13875B5E-3812-464E-B2A0-1F8A26233FCB}.Release|x64.ActiveCfg = Release|x64
		{13875B5E-3812-464E-B2A0-1F8A26233FCB}.Release|x64.Build.0 = Release|x64
		{6CA62C59-070F-4DD2-B42A-F8C89613DE38}.Debug|x64.ActiveCfg = Debug|x64
		{6CA62C59-070F-4DD2-B42A-F8C89613DE38}.Debug|x64.Build.0 = Debug|x64
		{6CA62C59-070F-4DD2-B42A-F8C89613DE38}.Release|x64.ActiveCfg = Release|x64
		{6CA62C59-070F-4DD2-B42A-F8C89613DE38}.Release|x64.Build.0 = Release|x64
	EndGlobalSection
	GlobalSection(SolutionProperties) = preSolution
		HideSolutionNode = FALSE
	EndGlobalSection
	GlobalSection(NestedProjects) = preSolution
		{66386BBA-38AC-464C-A3FE-970C0B8516F6} = {72AAAD43-BB1D-4B20-9A62-42A539C030BC}
		{13875B5E-3812-464E-B2A0-1F8A26233FCB} = {72AAAD43-BB1D-4B20-9A62-42A539C030BC}
		{6CA62C59-070F-4DD2-B42A-F8C89613DE38} = {72AAAD43-BB1D-4B20-9A62-42A539C030BC}
	EndGlobalSection
	GlobalSection(ExtensibilityGlobals) = postSolution
		SolutionGuid = {88F683E2-6ED6-464E-AB9C-FE31BA397C76}
	EndGlobalSection
EndGlobal
